// !$*UTF8*$!
{
	archiveVersion = 1;
	classes = {
	};
	objectVersion = 48;
	objects = {

/* Begin PBXBuildFile section */
		727C2761201318F4007F69B3 /* AppDelegate.swift in Sources */ = {isa = PBXBuildFile; fileRef = 727C2760201318F4007F69B3 /* AppDelegate.swift */; };
		727C2763201318F4007F69B3 /* ViewController.swift in Sources */ = {isa = PBXBuildFile; fileRef = 727C2762201318F4007F69B3 /* ViewController.swift */; };
		727C2766201318F4007F69B3 /* Main.storyboard in Resources */ = {isa = PBXBuildFile; fileRef = 727C2764201318F4007F69B3 /* Main.storyboard */; };
		727C2768201318F4007F69B3 /* Assets.xcassets in Resources */ = {isa = PBXBuildFile; fileRef = 727C2767201318F4007F69B3 /* Assets.xcassets */; };
		727C276B201318F4007F69B3 /* LaunchScreen.storyboard in Resources */ = {isa = PBXBuildFile; fileRef = 727C2769201318F4007F69B3 /* LaunchScreen.storyboard */; };
		79FA72A8201319AF00B17A92 /* item.swift in Sources */ = {isa = PBXBuildFile; fileRef = 79FA72A7201319AF00B17A92 /* item.swift */; };
		79FA72AC20131BB800B17A92 /* User.swift in Sources */ = {isa = PBXBuildFile; fileRef = 79FA72AB20131BB800B17A92 /* User.swift */; };
		79FA72AE2013218F00B17A92 /* GoogleService-Info.plist in Resources */ = {isa = PBXBuildFile; fileRef = 79FA72AD2013218F00B17A92 /* GoogleService-Info.plist */; };
		DBCEF6073DF6BAD59F1A6127 /* Pods_InventoryCounter.framework in Frameworks */ = {isa = PBXBuildFile; fileRef = B5FC7297880BE4B65A5F7D98 /* Pods_InventoryCounter.framework */; };
/* End PBXBuildFile section */

/* Begin PBXFileReference section */
		5C053CF5904CDAD4E8AD0911 /* Pods-InventoryCounter.debug.xcconfig */ = {isa = PBXFileReference; includeInIndex = 1; lastKnownFileType = text.xcconfig; name = "Pods-InventoryCounter.debug.xcconfig"; path = "Pods/Target Support Files/Pods-InventoryCounter/Pods-InventoryCounter.debug.xcconfig"; sourceTree = "<group>"; };
		727C275D201318F4007F69B3 /* InventoryCounter.app */ = {isa = PBXFileReference; explicitFileType = wrapper.application; includeInIndex = 0; path = InventoryCounter.app; sourceTree = BUILT_PRODUCTS_DIR; };
		727C2760201318F4007F69B3 /* AppDelegate.swift */ = {isa = PBXFileReference; lastKnownFileType = sourcecode.swift; path = AppDelegate.swift; sourceTree = "<group>"; };
		727C2762201318F4007F69B3 /* ViewController.swift */ = {isa = PBXFileReference; lastKnownFileType = sourcecode.swift; path = ViewController.swift; sourceTree = "<group>"; };
		727C2765201318F4007F69B3 /* Base */ = {isa = PBXFileReference; lastKnownFileType = file.storyboard; name = Base; path = Base.lproj/Main.storyboard; sourceTree = "<group>"; };
		727C2767201318F4007F69B3 /* Assets.xcassets */ = {isa = PBXFileReference; lastKnownFileType = folder.assetcatalog; path = Assets.xcassets; sourceTree = "<group>"; };
		727C276A201318F4007F69B3 /* Base */ = {isa = PBXFileReference; lastKnownFileType = file.storyboard; name = Base; path = Base.lproj/LaunchScreen.storyboard; sourceTree = "<group>"; };
		727C276C201318F4007F69B3 /* Info.plist */ = {isa = PBXFileReference; lastKnownFileType = text.plist.xml; path = Info.plist; sourceTree = "<group>"; };
		79FA72A7201319AF00B17A92 /* item.swift */ = {isa = PBXFileReference; lastKnownFileType = sourcecode.swift; name = item.swift; path = InventoryCounter/SRC/item.swift; sourceTree = "<group>"; };
		79FA72AB20131BB800B17A92 /* User.swift */ = {isa = PBXFileReference; lastKnownFileType = sourcecode.swift; name = User.swift; path = InventoryCounter/SRC/User.swift; sourceTree = "<group>"; };
		79FA72AD2013218F00B17A92 /* GoogleService-Info.plist */ = {isa = PBXFileReference; fileEncoding = 4; lastKnownFileType = text.plist.xml; name = "GoogleService-Info.plist"; path = "InventoryCounter/GoogleService-Info.plist"; sourceTree = "<group>"; };
		A2259B7CC53CD578BF112B29 /* Pods-InventoryCounter.release.xcconfig */ = {isa = PBXFileReference; includeInIndex = 1; lastKnownFileType = text.xcconfig; name = "Pods-InventoryCounter.release.xcconfig"; path = "Pods/Target Support Files/Pods-InventoryCounter/Pods-InventoryCounter.release.xcconfig"; sourceTree = "<group>"; };
		B5FC7297880BE4B65A5F7D98 /* Pods_InventoryCounter.framework */ = {isa = PBXFileReference; explicitFileType = wrapper.framework; includeInIndex = 0; path = Pods_InventoryCounter.framework; sourceTree = BUILT_PRODUCTS_DIR; };
/* End PBXFileReference section */

/* Begin PBXFrameworksBuildPhase section */
		727C275A201318F4007F69B3 /* Frameworks */ = {
			isa = PBXFrameworksBuildPhase;
			buildActionMask = 2147483647;
			files = (
				DBCEF6073DF6BAD59F1A6127 /* Pods_InventoryCounter.framework in Frameworks */,
			);
			runOnlyForDeploymentPostprocessing = 0;
		};
/* End PBXFrameworksBuildPhase section */

/* Begin PBXGroup section */
		31F75C48E4B6F4C5D9C2E6DC /* Frameworks */ = {
			isa = PBXGroup;
			children = (
				B5FC7297880BE4B65A5F7D98 /* Pods_InventoryCounter.framework */,
			);
			name = Frameworks;
			sourceTree = "<group>";
		};
		444861AF9A758DAB8C135812 /* Pods */ = {
			isa = PBXGroup;
			children = (
				5C053CF5904CDAD4E8AD0911 /* Pods-InventoryCounter.debug.xcconfig */,
				A2259B7CC53CD578BF112B29 /* Pods-InventoryCounter.release.xcconfig */,
			);
			name = Pods;
			sourceTree = "<group>";
		};
		727C2754201318F4007F69B3 = {
			isa = PBXGroup;
			children = (
				79FA72AD2013218F00B17A92 /* GoogleService-Info.plist */,
				79FA72A7201319AF00B17A92 /* item.swift */,
				79FA72AB20131BB800B17A92 /* User.swift */,
				727C275F201318F4007F69B3 /* InventoryCounter */,
				727C275E201318F4007F69B3 /* Products */,
				444861AF9A758DAB8C135812 /* Pods */,
				31F75C48E4B6F4C5D9C2E6DC /* Frameworks */,
			);
			sourceTree = "<group>";
		};
		727C275E201318F4007F69B3 /* Products */ = {
			isa = PBXGroup;
			children = (
				727C275D201318F4007F69B3 /* InventoryCounter.app */,
			);
			name = Products;
			sourceTree = "<group>";
		};
		727C275F201318F4007F69B3 /* InventoryCounter */ = {
			isa = PBXGroup;
			children = (
				727C2760201318F4007F69B3 /* AppDelegate.swift */,
				727C2762201318F4007F69B3 /* ViewController.swift */,
				727C2764201318F4007F69B3 /* Main.storyboard */,
				727C2767201318F4007F69B3 /* Assets.xcassets */,
				727C2769201318F4007F69B3 /* LaunchScreen.storyboard */,
				727C276C201318F4007F69B3 /* Info.plist */,
			);
			path = InventoryCounter;
			sourceTree = "<group>";
		};
/* End PBXGroup section */

/* Begin PBXNativeTarget section */
		727C275C201318F4007F69B3 /* InventoryCounter */ = {
			isa = PBXNativeTarget;
			buildConfigurationList = 727C276F201318F4007F69B3 /* Build configuration list for PBXNativeTarget "InventoryCounter" */;
			buildPhases = (
				DB7324CFE192C01CD462B4D0 /* [CP] Check Pods Manifest.lock */,
				727C2759201318F4007F69B3 /* Sources */,
				727C275A201318F4007F69B3 /* Frameworks */,
				727C275B201318F4007F69B3 /* Resources */,
				C59A54ACF10123AB618143CE /* [CP] Embed Pods Frameworks */,
				DF3E023BD4687B162F7AAD1F /* [CP] Copy Pods Resources */,
			);
			buildRules = (
			);
			dependencies = (
			);
			name = InventoryCounter;
			productName = InventoryCounter;
			productReference = 727C275D201318F4007F69B3 /* InventoryCounter.app */;
			productType = "com.apple.product-type.application";
		};
/* End PBXNativeTarget section */

/* Begin PBXProject section */
		727C2755201318F4007F69B3 /* Project object */ = {
			isa = PBXProject;
			attributes = {
				LastSwiftUpdateCheck = 0920;
				LastUpgradeCheck = 0920;
				ORGANIZATIONNAME = "Timothy Ng";
				TargetAttributes = {
					727C275C201318F4007F69B3 = {
						CreatedOnToolsVersion = 9.2;
						ProvisioningStyle = Automatic;
					};
				};
			};
			buildConfigurationList = 727C2758201318F4007F69B3 /* Build configuration list for PBXProject "InventoryCounter" */;
			compatibilityVersion = "Xcode 8.0";
			developmentRegion = en;
			hasScannedForEncodings = 0;
			knownRegions = (
				en,
				Base,
			);
			mainGroup = 727C2754201318F4007F69B3;
			productRefGroup = 727C275E201318F4007F69B3 /* Products */;
			projectDirPath = "";
			projectRoot = "";
			targets = (
				727C275C201318F4007F69B3 /* InventoryCounter */,
			);
		};
/* End PBXProject section */

/* Begin PBXResourcesBuildPhase section */
		727C275B201318F4007F69B3 /* Resources */ = {
			isa = PBXResourcesBuildPhase;
			buildActionMask = 2147483647;
			files = (
				727C276B201318F4007F69B3 /* LaunchScreen.storyboard in Resources */,
				79FA72AE2013218F00B17A92 /* GoogleService-Info.plist in Resources */,
				727C2768201318F4007F69B3 /* Assets.xcassets in Resources */,
				727C2766201318F4007F69B3 /* Main.storyboard in Resources */,
			);
			runOnlyForDeploymentPostprocessing = 0;
		};
/* End PBXResourcesBuildPhase section */

/* Begin PBXShellScriptBuildPhase section */
		C59A54ACF10123AB618143CE /* [CP] Embed Pods Frameworks */ = {
			isa = PBXShellScriptBuildPhase;
			buildActionMask = 2147483647;
			files = (
			);
			inputPaths = (
				"${SRCROOT}/Pods/Target Support Files/Pods-InventoryCounter/Pods-InventoryCounter-frameworks.sh",
				"${BUILT_PRODUCTS_DIR}/GoogleToolboxForMac/GoogleToolboxForMac.framework",
				"${BUILT_PRODUCTS_DIR}/nanopb/nanopb.framework",
			);
			name = "[CP] Embed Pods Frameworks";
			outputPaths = (
				"${TARGET_BUILD_DIR}/${FRAMEWORKS_FOLDER_PATH}/GoogleToolboxForMac.framework",
				"${TARGET_BUILD_DIR}/${FRAMEWORKS_FOLDER_PATH}/nanopb.framework",
			);
			runOnlyForDeploymentPostprocessing = 0;
			shellPath = /bin/sh;
			shellScript = "\"${SRCROOT}/Pods/Target Support Files/Pods-InventoryCounter/Pods-InventoryCounter-frameworks.sh\"\n";
			showEnvVarsInLog = 0;
		};
		DB7324CFE192C01CD462B4D0 /* [CP] Check Pods Manifest.lock */ = {
			isa = PBXShellScriptBuildPhase;
			buildActionMask = 2147483647;
			files = (
			);
			inputPaths = (
				"${PODS_PODFILE_DIR_PATH}/Podfile.lock",
				"${PODS_ROOT}/Manifest.lock",
			);
			name = "[CP] Check Pods Manifest.lock";
			outputPaths = (
				"$(DERIVED_FILE_DIR)/Pods-InventoryCounter-checkManifestLockResult.txt",
			);
			runOnlyForDeploymentPostprocessing = 0;
			shellPath = /bin/sh;
			shellScript = "diff \"${PODS_PODFILE_DIR_PATH}/Podfile.lock\" \"${PODS_ROOT}/Manifest.lock\" > /dev/null\nif [ $? != 0 ] ; then\n    # print error to STDERR\n    echo \"error: The sandbox is not in sync with the Podfile.lock. Run 'pod install' or update your CocoaPods installation.\" >&2\n    exit 1\nfi\n# This output is used by Xcode 'outputs' to avoid re-running this script phase.\necho \"SUCCESS\" > \"${SCRIPT_OUTPUT_FILE_0}\"\n";
			showEnvVarsInLog = 0;
		};
		DF3E023BD4687B162F7AAD1F /* [CP] Copy Pods Resources */ = {
			isa = PBXShellScriptBuildPhase;
			buildActionMask = 2147483647;
			files = (
			);
			inputPaths = (
			);
			name = "[CP] Copy Pods Resources";
			outputPaths = (
			);
			runOnlyForDeploymentPostprocessing = 0;
			shellPath = /bin/sh;
			shellScript = "\"${SRCROOT}/Pods/Target Support Files/Pods-InventoryCounter/Pods-InventoryCounter-resources.sh\"\n";
			showEnvVarsInLog = 0;
		};
/* End PBXShellScriptBuildPhase section */

/* Begin PBXSourcesBuildPhase section */
		727C2759201318F4007F69B3 /* Sources */ = {
			isa = PBXSourcesBuildPhase;
			buildActionMask = 2147483647;
			files = (
				727C2763201318F4007F69B3 /* ViewController.swift in Sources */,
				79FA72A8201319AF00B17A92 /* item.swift in Sources */,
				79FA72AC20131BB800B17A92 /* User.swift in Sources */,
				727C2761201318F4007F69B3 /* AppDelegate.swift in Sources */,
			);
			runOnlyForDeploymentPostprocessing = 0;
		};
/* End PBXSourcesBuildPhase section */

/* Begin PBXVariantGroup section */
		727C2764201318F4007F69B3 /* Main.storyboard */ = {
			isa = PBXVariantGroup;
			children = (
				727C2765201318F4007F69B3 /* Base */,
			);
			name = Main.storyboard;
			sourceTree = "<group>";
		};
		727C2769201318F4007F69B3 /* LaunchScreen.storyboard */ = {
			isa = PBXVariantGroup;
			children = (
				727C276A201318F4007F69B3 /* Base */,
			);
			name = LaunchScreen.storyboard;
			sourceTree = "<group>";
		};
/* End PBXVariantGroup section */

/* Begin XCBuildConfiguration section */
		727C276D201318F4007F69B3 /* Debug */ = {
			isa = XCBuildConfiguration;
			buildSettings = {
				ALWAYS_SEARCH_USER_PATHS = NO;
				CLANG_ANALYZER_NONNULL = YES;
				CLANG_ANALYZER_NUMBER_OBJECT_CONVERSION = YES_AGGRESSIVE;
				CLANG_CXX_LANGUAGE_STANDARD = "gnu++14";
				CLANG_CXX_LIBRARY = "libc++";
				CLANG_ENABLE_MODULES = YES;
				CLANG_ENABLE_OBJC_ARC = YES;
				CLANG_WARN_BLOCK_CAPTURE_AUTORELEASING = YES;
				CLANG_WARN_BOOL_CONVERSION = YES;
				CLANG_WARN_COMMA = YES;
				CLANG_WARN_CONSTANT_CONVERSION = YES;
				CLANG_WARN_DIRECT_OBJC_ISA_USAGE = YES_ERROR;
				CLANG_WARN_DOCUMENTATION_COMMENTS = YES;
				CLANG_WARN_EMPTY_BODY = YES;
				CLANG_WARN_ENUM_CONVERSION = YES;
				CLANG_WARN_INFINITE_RECURSION = YES;
				CLANG_WARN_INT_CONVERSION = YES;
				CLANG_WARN_NON_LITERAL_NULL_CONVERSION = YES;
				CLANG_WARN_OBJC_LITERAL_CONVERSION = YES;
				CLANG_WARN_OBJC_ROOT_CLASS = YES_ERROR;
				CLANG_WARN_RANGE_LOOP_ANALYSIS = YES;
				CLANG_WARN_STRICT_PROTOTYPES = YES;
				CLANG_WARN_SUSPICIOUS_MOVE = YES;
				CLANG_WARN_UNGUARDED_AVAILABILITY = YES_AGGRESSIVE;
				CLANG_WARN_UNREACHABLE_CODE = YES;
				CLANG_WARN__DUPLICATE_METHOD_MATCH = YES;
				CODE_SIGN_IDENTITY = "iPhone Developer";
				COPY_PHASE_STRIP = NO;
				DEBUG_INFORMATION_FORMAT = dwarf;
				ENABLE_STRICT_OBJC_MSGSEND = YES;
				ENABLE_TESTABILITY = YES;
				GCC_C_LANGUAGE_STANDARD = gnu11;
				GCC_DYNAMIC_NO_PIC = NO;
				GCC_NO_COMMON_BLOCKS = YES;
				GCC_OPTIMIZATION_LEVEL = 0;
				GCC_PREPROCESSOR_DEFINITIONS = (
					"DEBUG=1",
					"$(inherited)",
				);
				GCC_WARN_64_TO_32_BIT_CONVERSION = YES;
				GCC_WARN_ABOUT_RETURN_TYPE = YES_ERROR;
				GCC_WARN_UNDECLARED_SELECTOR = YES;
				GCC_WARN_UNINITIALIZED_AUTOS = YES_AGGRESSIVE;
				GCC_WARN_UNUSED_FUNCTION = YES;
				GCC_WARN_UNUSED_VARIABLE = YES;
				IPHONEOS_DEPLOYMENT_TARGET = 11.2;
				MTL_ENABLE_DEBUG_INFO = YES;
				ONLY_ACTIVE_ARCH = YES;
				SDKROOT = iphoneos;
				SWIFT_ACTIVE_COMPILATION_CONDITIONS = DEBUG;
				SWIFT_OPTIMIZATION_LEVEL = "-Onone";
			};
			name = Debug;
		};
		727C276E201318F4007F69B3 /* Release */ = {
			isa = XCBuildConfiguration;
			buildSettings = {
				ALWAYS_SEARCH_USER_PATHS = NO;
				CLANG_ANALYZER_NONNULL = YES;
				CLANG_ANALYZER_NUMBER_OBJECT_CONVERSION = YES_AGGRESSIVE;
				CLANG_CXX_LANGUAGE_STANDARD = "gnu++14";
				CLANG_CXX_LIBRARY = "libc++";
				CLANG_ENABLE_MODULES = YES;
				CLANG_ENABLE_OBJC_ARC = YES;
				CLANG_WARN_BLOCK_CAPTURE_AUTORELEASING = YES;
				CLANG_WARN_BOOL_CONVERSION = YES;
				CLANG_WARN_COMMA = YES;
				CLANG_WARN_CONSTANT_CONVERSION = YES;
				CLANG_WARN_DIRECT_OBJC_ISA_USAGE = YES_ERROR;
				CLANG_WARN_DOCUMENTATION_COMMENTS = YES;
				CLANG_WARN_EMPTY_BODY = YES;
				CLANG_WARN_ENUM_CONVERSION = YES;
				CLANG_WARN_INFINITE_RECURSION = YES;
				CLANG_WARN_INT_CONVERSION = YES;
				CLANG_WARN_NON_LITERAL_NULL_CONVERSION = YES;
				CLANG_WARN_OBJC_LITERAL_CONVERSION = YES;
				CLANG_WARN_OBJC_ROOT_CLASS = YES_ERROR;
				CLANG_WARN_RANGE_LOOP_ANALYSIS = YES;
				CLANG_WARN_STRICT_PROTOTYPES = YES;
				CLANG_WARN_SUSPICIOUS_MOVE = YES;
				CLANG_WARN_UNGUARDED_AVAILABILITY = YES_AGGRESSIVE;
				CLANG_WARN_UNREACHABLE_CODE = YES;
				CLANG_WARN__DUPLICATE_METHOD_MATCH = YES;
				CODE_SIGN_IDENTITY = "iPhone Developer";
				COPY_PHASE_STRIP = NO;
				DEBUG_INFORMATION_FORMAT = "dwarf-with-dsym";
				ENABLE_NS_ASSERTIONS = NO;
				ENABLE_STRICT_OBJC_MSGSEND = YES;
				GCC_C_LANGUAGE_STANDARD = gnu11;
				GCC_NO_COMMON_BLOCKS = YES;
				GCC_WARN_64_TO_32_BIT_CONVERSION = YES;
				GCC_WARN_ABOUT_RETURN_TYPE = YES_ERROR;
				GCC_WARN_UNDECLARED_SELECTOR = YES;
				GCC_WARN_UNINITIALIZED_AUTOS = YES_AGGRESSIVE;
				GCC_WARN_UNUSED_FUNCTION = YES;
				GCC_WARN_UNUSED_VARIABLE = YES;
				IPHONEOS_DEPLOYMENT_TARGET = 11.2;
				MTL_ENABLE_DEBUG_INFO = NO;
				SDKROOT = iphoneos;
				SWIFT_OPTIMIZATION_LEVEL = "-Owholemodule";
				VALIDATE_PRODUCT = YES;
			};
			name = Release;
		};
		727C2770201318F4007F69B3 /* Debug */ = {
			isa = XCBuildConfiguration;
			baseConfigurationReference = 5C053CF5904CDAD4E8AD0911 /* Pods-InventoryCounter.debug.xcconfig */;
			buildSettings = {
				ASSETCATALOG_COMPILER_APPICON_NAME = AppIcon;
				CODE_SIGN_STYLE = Automatic;
				DEVELOPMENT_TEAM = 8RS9W23TVG;
				INFOPLIST_FILE = InventoryCounter/Info.plist;
				LD_RUNPATH_SEARCH_PATHS = "$(inherited) @executable_path/Frameworks";
				PRODUCT_BUNDLE_IDENTIFIER = com.timothyng.InventoryCounter;
				PRODUCT_NAME = "$(TARGET_NAME)";
				SWIFT_VERSION = 4.0;
				TARGETED_DEVICE_FAMILY = "1,2";
			};
			name = Debug;
		};
		727C2771201318F4007F69B3 /* Release */ = {
			isa = XCBuildConfiguration;
			baseConfigurationReference = A2259B7CC53CD578BF112B29 /* Pods-InventoryCounter.release.xcconfig */;
			buildSettings = {
				ASSETCATALOG_COMPILER_APPICON_NAME = AppIcon;
				CODE_SIGN_STYLE = Automatic;
				DEVELOPMENT_TEAM = 8RS9W23TVG;
				INFOPLIST_FILE = InventoryCounter/Info.plist;
				LD_RUNPATH_SEARCH_PATHS = "$(inherited) @executable_path/Frameworks";
				PRODUCT_BUNDLE_IDENTIFIER = com.timothyng.InventoryCounter;
				PRODUCT_NAME = "$(TARGET_NAME)";
				SWIFT_VERSION = 4.0;
				TARGETED_DEVICE_FAMILY = "1,2";
			};
			name = Release;
		};
/* End XCBuildConfiguration section */

/* Begin XCConfigurationList section */
		727C2758201318F4007F69B3 /* Build configuration list for PBXProject "InventoryCounter" */ = {
			isa = XCConfigurationList;
			buildConfigurations = (
				727C276D201318F4007F69B3 /* Debug */,
				727C276E201318F4007F69B3 /* Release */,
			);
			defaultConfigurationIsVisible = 0;
			defaultConfigurationName = Release;
		};
		727C276F201318F4007F69B3 /* Build configuration list for PBXNativeTarget "InventoryCounter" */ = {
			isa = XCConfigurationList;
			buildConfigurations = (
				727C2770201318F4007F69B3 /* Debug */,
				727C2771201318F4007F69B3 /* Release */,
			);
			defaultConfigurationIsVisible = 0;
			defaultConfigurationName = Release;
		};
/* End XCConfigurationList section */
	};
	rootObject = 727C2755201318F4007F69B3 /* Project object */;
}
